
Microsoft Visual Studio Solution File, Format Version 12.00
# Visual Studio 15
VisualStudioVersion = 15.0.28307.489
MinimumVisualStudioVersion = 10.0.40219.1
Project("{FAE04EC0-301F-11D3-BF4B-00C04F79EFBC}") = "Calculator9", "Calculator9\Calculator9.csproj", "{DABB979F-2D75-447E-B884-EF52C97CBCD0}"
EndProject
Project("{FAE04EC0-301F-11D3-BF4B-00C04F79EFBC}") = "UnitTestProject1", "UnitTestProject1\UnitTestProject1.csproj", "{11583069-3083-403A-8C15-B577628113F5}"
EndProject
Global
	GlobalSection(SolutionConfigurationPlatforms) = preSolution
		Debug|Any CPU = Debug|Any CPU
		Release|Any CPU = Release|Any CPU
	EndGlobalSection
	GlobalSection(ProjectConfigurationPlatforms) = postSolution
		{DABB979F-2D75-447E-B884-EF52C97CBCD0}.Debug|Any CPU.ActiveCfg = Debug|Any CPU
		{DABB979F-2D75-447E-B884-EF52C97CBCD0}.Debug|Any CPU.Build.0 = Debug|Any CPU
		{DABB979F-2D75-447E-B884-EF52C97CBCD0}.Release|Any CPU.ActiveCfg = Release|Any CPU
		{DABB979F-2D75-447E-B884-EF52C97CBCD0}.Release|Any CPU.Build.0 = Release|Any CPU
		{11583069-3083-403A-8C15-B577628113F5}.Debug|Any CPU.ActiveCfg = Debug|Any CPU
		{11583069-3083-403A-8C15-B577628113F5}.Debug|Any CPU.Build.0 = Debug|Any CPU
		{11583069-3083-403A-8C15-B577628113F5}.Release|Any CPU.ActiveCfg = Release|Any CPU
		{11583069-3083-403A-8C15-B577628113F5}.Release|Any CPU.Build.0 = Release|Any CPU
	EndGlobalSection
	GlobalSection(SolutionProperties) = preSolution
		HideSolutionNode = FALSE
	EndGlobalSection
	GlobalSection(ExtensibilityGlobals) = postSolution
		SolutionGuid = {A7DE6D72-EA6B-483F-B62C-EC123E300733}
	EndGlobalSection
EndGlobal
