
Microsoft Visual Studio Solution File, Format Version 12.00
# Visual Studio 15
VisualStudioVersion = 15.0.28010.2016
MinimumVisualStudioVersion = 10.0.40219.1
Project("{FAE04EC0-301F-11D3-BF4B-00C04F79EFBC}") = "四则运算", "四则运算\四则运算.csproj", "{D54CEB6D-C154-44EB-A9C9-7C134501D0BB}"
EndProject
Global
	GlobalSection(SolutionConfigurationPlatforms) = preSolution
		Debug|Any CPU = Debug|Any CPU
		Release|Any CPU = Release|Any CPU
	EndGlobalSection
	GlobalSection(ProjectConfigurationPlatforms) = postSolution
		{D54CEB6D-C154-44EB-A9C9-7C134501D0BB}.Debug|Any CPU.ActiveCfg = Debug|Any CPU
		{D54CEB6D-C154-44EB-A9C9-7C134501D0BB}.Debug|Any CPU.Build.0 = Debug|Any CPU
		{D54CEB6D-C154-44EB-A9C9-7C134501D0BB}.Release|Any CPU.ActiveCfg = Release|Any CPU
		{D54CEB6D-C154-44EB-A9C9-7C134501D0BB}.Release|Any CPU.Build.0 = Release|Any CPU
	EndGlobalSection
	GlobalSection(SolutionProperties) = preSolution
		HideSolutionNode = FALSE
	EndGlobalSection
	GlobalSection(ExtensibilityGlobals) = postSolution
		SolutionGuid = {016A0099-797C-4392-ADF3-3E256B2F1F8E}
	EndGlobalSection
EndGlobal
