
Microsoft Visual Studio Solution File, Format Version 12.00
# Visual Studio 15
VisualStudioVersion = 15.0.28010.2016
MinimumVisualStudioVersion = 10.0.40219.1
Project("{FAE04EC0-301F-11D3-BF4B-00C04F79EFBC}") = "ConsoleApp1", "ConsoleApp1\ConsoleApp1.csproj", "{C5B1F105-E591-4474-BCEB-65403DF60A73}"
EndProject
Global
	GlobalSection(SolutionConfigurationPlatforms) = preSolution
		Debug|Any CPU = Debug|Any CPU
		Release|Any CPU = Release|Any CPU
	EndGlobalSection
	GlobalSection(ProjectConfigurationPlatforms) = postSolution
		{C5B1F105-E591-4474-BCEB-65403DF60A73}.Debug|Any CPU.ActiveCfg = Debug|Any CPU
		{C5B1F105-E591-4474-BCEB-65403DF60A73}.Debug|Any CPU.Build.0 = Debug|Any CPU
		{C5B1F105-E591-4474-BCEB-65403DF60A73}.Release|Any CPU.ActiveCfg = Release|Any CPU
		{C5B1F105-E591-4474-BCEB-65403DF60A73}.Release|Any CPU.Build.0 = Release|Any CPU
	EndGlobalSection
	GlobalSection(SolutionProperties) = preSolution
		HideSolutionNode = FALSE
	EndGlobalSection
	GlobalSection(ExtensibilityGlobals) = postSolution
		SolutionGuid = {D41CFE71-7C86-4955-B20C-717BB2E33568}
	EndGlobalSection
EndGlobal
