
Microsoft Visual Studio Solution File, Format Version 12.00
# Visual Studio 15
VisualStudioVersion = 15.0.28307.489
MinimumVisualStudioVersion = 10.0.40219.1
Project("{FAE04EC0-301F-11D3-BF4B-00C04F79EFBC}") = "ConsoleApp1", "ConsoleApp1\ConsoleApp1.csproj", "{B64E18D3-69A6-4EE9-B830-9ADE06E4A2B4}"
EndProject
Project("{FAE04EC0-301F-11D3-BF4B-00C04F79EFBC}") = "CalculatorUnitTest", "CalculatorUnitTest\CalculatorUnitTest.csproj", "{E27D9A3C-F0AA-42A8-ADCC-69D016FD1F6A}"
EndProject
Global
	GlobalSection(SolutionConfigurationPlatforms) = preSolution
		Debug|Any CPU = Debug|Any CPU
		Release|Any CPU = Release|Any CPU
	EndGlobalSection
	GlobalSection(ProjectConfigurationPlatforms) = postSolution
		{B64E18D3-69A6-4EE9-B830-9ADE06E4A2B4}.Debug|Any CPU.ActiveCfg = Debug|Any CPU
		{B64E18D3-69A6-4EE9-B830-9ADE06E4A2B4}.Debug|Any CPU.Build.0 = Debug|Any CPU
		{B64E18D3-69A6-4EE9-B830-9ADE06E4A2B4}.Release|Any CPU.ActiveCfg = Release|Any CPU
		{B64E18D3-69A6-4EE9-B830-9ADE06E4A2B4}.Release|Any CPU.Build.0 = Release|Any CPU
		{E27D9A3C-F0AA-42A8-ADCC-69D016FD1F6A}.Debug|Any CPU.ActiveCfg = Debug|Any CPU
		{E27D9A3C-F0AA-42A8-ADCC-69D016FD1F6A}.Debug|Any CPU.Build.0 = Debug|Any CPU
		{E27D9A3C-F0AA-42A8-ADCC-69D016FD1F6A}.Release|Any CPU.ActiveCfg = Release|Any CPU
		{E27D9A3C-F0AA-42A8-ADCC-69D016FD1F6A}.Release|Any CPU.Build.0 = Release|Any CPU
	EndGlobalSection
	GlobalSection(SolutionProperties) = preSolution
		HideSolutionNode = FALSE
	EndGlobalSection
	GlobalSection(ExtensibilityGlobals) = postSolution
		SolutionGuid = {ACE79691-17FF-41C4-835B-90AC5DB2E8E8}
	EndGlobalSection
EndGlobal
