
Microsoft Visual Studio Solution File, Format Version 12.00
# Visual Studio 15
VisualStudioVersion = 15.0.28307.168
MinimumVisualStudioVersion = 10.0.40219.1
Project("{FAE04EC0-301F-11D3-BF4B-00C04F79EFBC}") = "ConsoleApp1", "ConsoleApp1\ConsoleApp1.csproj", "{FEF426B6-3A62-4D4E-BC2B-5BB6D667823F}"
EndProject
Project("{FAE04EC0-301F-11D3-BF4B-00C04F79EFBC}") = "UnitTestProject1", "UnitTestProject1\UnitTestProject1.csproj", "{98C353CF-0CFB-4DB2-AD8D-0B9FED65D015}"
EndProject
Global
	GlobalSection(SolutionConfigurationPlatforms) = preSolution
		Debug|Any CPU = Debug|Any CPU
		Release|Any CPU = Release|Any CPU
	EndGlobalSection
	GlobalSection(ProjectConfigurationPlatforms) = postSolution
		{FEF426B6-3A62-4D4E-BC2B-5BB6D667823F}.Debug|Any CPU.ActiveCfg = Debug|Any CPU
		{FEF426B6-3A62-4D4E-BC2B-5BB6D667823F}.Debug|Any CPU.Build.0 = Debug|Any CPU
		{FEF426B6-3A62-4D4E-BC2B-5BB6D667823F}.Release|Any CPU.ActiveCfg = Release|Any CPU
		{FEF426B6-3A62-4D4E-BC2B-5BB6D667823F}.Release|Any CPU.Build.0 = Release|Any CPU
		{98C353CF-0CFB-4DB2-AD8D-0B9FED65D015}.Debug|Any CPU.ActiveCfg = Debug|Any CPU
		{98C353CF-0CFB-4DB2-AD8D-0B9FED65D015}.Debug|Any CPU.Build.0 = Debug|Any CPU
		{98C353CF-0CFB-4DB2-AD8D-0B9FED65D015}.Release|Any CPU.ActiveCfg = Release|Any CPU
		{98C353CF-0CFB-4DB2-AD8D-0B9FED65D015}.Release|Any CPU.Build.0 = Release|Any CPU
	EndGlobalSection
	GlobalSection(SolutionProperties) = preSolution
		HideSolutionNode = FALSE
	EndGlobalSection
	GlobalSection(ExtensibilityGlobals) = postSolution
		SolutionGuid = {6BB9B825-E0E9-4A58-BB3C-BBC6E09880D9}
	EndGlobalSection
EndGlobal
