
Microsoft Visual Studio Solution File, Format Version 12.00
# Visual Studio 15
VisualStudioVersion = 15.0.28010.2026
MinimumVisualStudioVersion = 10.0.40219.1
Project("{FAE04EC0-301F-11D3-BF4B-00C04F79EFBC}") = "博客第二次作业", "博客第二次作业\博客第二次作业.csproj", "{D24C7879-341C-4071-BFCA-25E1D438ACFA}"
EndProject
Project("{FAE04EC0-301F-11D3-BF4B-00C04F79EFBC}") = "UnitTestProject1", "UnitTestProject1\UnitTestProject1.csproj", "{A0CB3C62-BCF1-4686-86CF-7E090069CFAD}"
EndProject
Global
	GlobalSection(SolutionConfigurationPlatforms) = preSolution
		Debug|Any CPU = Debug|Any CPU
		Release|Any CPU = Release|Any CPU
	EndGlobalSection
	GlobalSection(ProjectConfigurationPlatforms) = postSolution
		{D24C7879-341C-4071-BFCA-25E1D438ACFA}.Debug|Any CPU.ActiveCfg = Debug|Any CPU
		{D24C7879-341C-4071-BFCA-25E1D438ACFA}.Debug|Any CPU.Build.0 = Debug|Any CPU
		{D24C7879-341C-4071-BFCA-25E1D438ACFA}.Release|Any CPU.ActiveCfg = Release|Any CPU
		{D24C7879-341C-4071-BFCA-25E1D438ACFA}.Release|Any CPU.Build.0 = Release|Any CPU
		{A0CB3C62-BCF1-4686-86CF-7E090069CFAD}.Debug|Any CPU.ActiveCfg = Debug|Any CPU
		{A0CB3C62-BCF1-4686-86CF-7E090069CFAD}.Debug|Any CPU.Build.0 = Debug|Any CPU
		{A0CB3C62-BCF1-4686-86CF-7E090069CFAD}.Release|Any CPU.ActiveCfg = Release|Any CPU
		{A0CB3C62-BCF1-4686-86CF-7E090069CFAD}.Release|Any CPU.Build.0 = Release|Any CPU
	EndGlobalSection
	GlobalSection(SolutionProperties) = preSolution
		HideSolutionNode = FALSE
	EndGlobalSection
	GlobalSection(ExtensibilityGlobals) = postSolution
		SolutionGuid = {9D9AA6AD-E533-4BF4-B7DE-7C76154EA519}
	EndGlobalSection
EndGlobal
