
Microsoft Visual Studio Solution File, Format Version 12.00
# Visual Studio 15
VisualStudioVersion = 15.0.28010.2041
MinimumVisualStudioVersion = 10.0.40219.1
Project("{FAE04EC0-301F-11D3-BF4B-00C04F79EFBC}") = "ConsoleApphomework", "ConsoleApphomework\ConsoleApphomework.csproj", "{7DEB7BA1-C9AC-408B-961D-59AD71F09CAE}"
EndProject
Global
	GlobalSection(SolutionConfigurationPlatforms) = preSolution
		Debug|Any CPU = Debug|Any CPU
		Release|Any CPU = Release|Any CPU
	EndGlobalSection
	GlobalSection(ProjectConfigurationPlatforms) = postSolution
		{7DEB7BA1-C9AC-408B-961D-59AD71F09CAE}.Debug|Any CPU.ActiveCfg = Debug|Any CPU
		{7DEB7BA1-C9AC-408B-961D-59AD71F09CAE}.Debug|Any CPU.Build.0 = Debug|Any CPU
		{7DEB7BA1-C9AC-408B-961D-59AD71F09CAE}.Release|Any CPU.ActiveCfg = Release|Any CPU
		{7DEB7BA1-C9AC-408B-961D-59AD71F09CAE}.Release|Any CPU.Build.0 = Release|Any CPU
	EndGlobalSection
	GlobalSection(SolutionProperties) = preSolution
		HideSolutionNode = FALSE
	EndGlobalSection
	GlobalSection(ExtensibilityGlobals) = postSolution
		SolutionGuid = {83C14AE5-FDD5-4193-9D3A-C01369099D97}
	EndGlobalSection
EndGlobal
